// !$*UTF8*$!
{
	archiveVersion = 1;
	classes = {
	};
	objectVersion = 55;
	objects = {

/* Begin PBXBuildFile section */
		D014072129D411DD00379905 /* QuasicodeInterpreter in Frameworks */ = {isa = PBXBuildFile; productRef = D014072029D411DD00379905 /* QuasicodeInterpreter */; };
		D0DD7C1D28179A1B00FBD20C /* main.swift in Sources */ = {isa = PBXBuildFile; fileRef = D0DD7C1C28179A1B00FBD20C /* main.swift */; };
/* End PBXBuildFile section */

/* Begin PBXCopyFilesBuildPhase section */
		D0DD7C1728179A1B00FBD20C /* CopyFiles */ = {
			isa = PBXCopyFilesBuildPhase;
			buildActionMask = 2147483647;
			dstPath = /usr/share/man/man1/;
			dstSubfolderSpec = 0;
			files = (
			);
			runOnlyForDeploymentPostprocessing = 1;
		};
/* End PBXCopyFilesBuildPhase section */

/* Begin PBXFileReference section */
		D03777BF29B7794400516B39 /* VMType.swift */ = {isa = PBXFileReference; lastKnownFileType = sourcecode.swift; path = VMType.swift; sourceTree = "<group>"; };
		D03777C029B7794400516B39 /* OpCode.swift */ = {isa = PBXFileReference; lastKnownFileType = sourcecode.swift; path = OpCode.swift; sourceTree = "<group>"; };
		D03777C129B7794400516B39 /* Compiler.swift */ = {isa = PBXFileReference; lastKnownFileType = sourcecode.swift; path = Compiler.swift; sourceTree = "<group>"; };
		D03777C229B7794400516B39 /* ChunkInterface.swift */ = {isa = PBXFileReference; lastKnownFileType = sourcecode.swift; path = ChunkInterface.swift; sourceTree = "<group>"; };
		D03777C429B7794400516B39 /* Interpreter-Bridging-Header.h */ = {isa = PBXFileReference; lastKnownFileType = sourcecode.c.h; path = "Interpreter-Bridging-Header.h"; sourceTree = "<group>"; };
		D03777C529B7794400516B39 /* ExplicitlyTypedValue.h */ = {isa = PBXFileReference; lastKnownFileType = sourcecode.c.h; path = ExplicitlyTypedValue.h; sourceTree = "<group>"; };
		D03777C629B7794400516B39 /* object.c */ = {isa = PBXFileReference; lastKnownFileType = sourcecode.c.c; path = object.c; sourceTree = "<group>"; };
		D03777C729B7794400516B39 /* memory.c */ = {isa = PBXFileReference; lastKnownFileType = sourcecode.c.c; path = memory.c; sourceTree = "<group>"; };
		D03777C829B7794400516B39 /* disassembler.h */ = {isa = PBXFileReference; lastKnownFileType = sourcecode.c.h; path = disassembler.h; sourceTree = "<group>"; };
		D03777C929B7794400516B39 /* VMType.h */ = {isa = PBXFileReference; lastKnownFileType = sourcecode.c.h; path = VMType.h; sourceTree = "<group>"; };
		D03777CA29B7794500516B39 /* chunk.h */ = {isa = PBXFileReference; lastKnownFileType = sourcecode.c.h; path = chunk.h; sourceTree = "<group>"; };
		D03777CB29B7794500516B39 /* VM.c */ = {isa = PBXFileReference; lastKnownFileType = sourcecode.c.c; path = VM.c; sourceTree = "<group>"; };
		D03777CC29B7794500516B39 /* VMInterface.swift */ = {isa = PBXFileReference; lastKnownFileType = sourcecode.swift; path = VMInterface.swift; sourceTree = "<group>"; };
		D03777CD29B7794500516B39 /* common.h */ = {isa = PBXFileReference; lastKnownFileType = sourcecode.c.h; path = common.h; sourceTree = "<group>"; };
		D03777CE29B7794500516B39 /* chunk.c */ = {isa = PBXFileReference; lastKnownFileType = sourcecode.c.c; path = chunk.c; sourceTree = "<group>"; };
		D03777CF29B7794500516B39 /* disassembler.c */ = {isa = PBXFileReference; lastKnownFileType = sourcecode.c.c; path = disassembler.c; sourceTree = "<group>"; };
		D03777D029B7794500516B39 /* memory.h */ = {isa = PBXFileReference; lastKnownFileType = sourcecode.c.h; path = memory.h; sourceTree = "<group>"; };
		D03777D129B7794500516B39 /* object.h */ = {isa = PBXFileReference; lastKnownFileType = sourcecode.c.h; path = object.h; sourceTree = "<group>"; };
		D03777D229B7794500516B39 /* VM.h */ = {isa = PBXFileReference; lastKnownFileType = sourcecode.c.h; path = VM.h; sourceTree = "<group>"; };
		D03777D329B7794500516B39 /* OpCode.h */ = {isa = PBXFileReference; lastKnownFileType = sourcecode.c.h; path = OpCode.h; sourceTree = "<group>"; };
		D06507AA299BDA6100D9B3EB /* .swiftlint.yml */ = {isa = PBXFileReference; lastKnownFileType = text.yaml; path = .swiftlint.yml; sourceTree = "<group>"; };
		D06B91AA29D411AA0000DA76 /* QuasicodeInterpreter */ = {isa = PBXFileReference; lastKnownFileType = wrapper; path = QuasicodeInterpreter; sourceTree = "<group>"; };
		D0DD7C1928179A1B00FBD20C /* Interpreter */ = {isa = PBXFileReference; explicitFileType = "compiled.mach-o.executable"; includeInIndex = 0; path = Interpreter; sourceTree = BUILT_PRODUCTS_DIR; };
		D0DD7C1C28179A1B00FBD20C /* main.swift */ = {isa = PBXFileReference; lastKnownFileType = sourcecode.swift; path = main.swift; sourceTree = "<group>"; };
/* End PBXFileReference section */

/* Begin PBXFrameworksBuildPhase section */
		D0DD7C1628179A1B00FBD20C /* Frameworks */ = {
			isa = PBXFrameworksBuildPhase;
			buildActionMask = 2147483647;
			files = (
				D014072129D411DD00379905 /* QuasicodeInterpreter in Frameworks */,
			);
			runOnlyForDeploymentPostprocessing = 0;
		};
/* End PBXFrameworksBuildPhase section */

/* Begin PBXGroup section */
		D03777BE29B7794400516B39 /* Compiler */ = {
			isa = PBXGroup;
			children = (
				D03777BF29B7794400516B39 /* VMType.swift */,
				D03777C029B7794400516B39 /* OpCode.swift */,
				D03777C129B7794400516B39 /* Compiler.swift */,
				D03777C229B7794400516B39 /* ChunkInterface.swift */,
			);
			path = Compiler;
			sourceTree = "<group>";
		};
		D03777C329B7794400516B39 /* VM */ = {
			isa = PBXGroup;
			children = (
				D03777C429B7794400516B39 /* Interpreter-Bridging-Header.h */,
				D03777C529B7794400516B39 /* ExplicitlyTypedValue.h */,
				D03777C629B7794400516B39 /* object.c */,
				D03777C729B7794400516B39 /* memory.c */,
				D03777C829B7794400516B39 /* disassembler.h */,
				D03777C929B7794400516B39 /* VMType.h */,
				D03777CA29B7794500516B39 /* chunk.h */,
				D03777CB29B7794500516B39 /* VM.c */,
				D03777CC29B7794500516B39 /* VMInterface.swift */,
				D03777CD29B7794500516B39 /* common.h */,
				D03777CE29B7794500516B39 /* chunk.c */,
				D03777CF29B7794500516B39 /* disassembler.c */,
				D03777D029B7794500516B39 /* memory.h */,
				D03777D129B7794500516B39 /* object.h */,
				D03777D229B7794500516B39 /* VM.h */,
				D03777D329B7794500516B39 /* OpCode.h */,
			);
			path = VM;
			sourceTree = "<group>";
		};
		D06B91A929D411AA0000DA76 /* Packages */ = {
			isa = PBXGroup;
			children = (
				D06B91AA29D411AA0000DA76 /* QuasicodeInterpreter */,
			);
			name = Packages;
			sourceTree = "<group>";
		};
		D0DD7C1028179A1B00FBD20C = {
			isa = PBXGroup;
			children = (
				D06B91A929D411AA0000DA76 /* Packages */,
				D06507AA299BDA6100D9B3EB /* .swiftlint.yml */,
				D0DD7C1B28179A1B00FBD20C /* Interpreter */,
				D0DD7C1A28179A1B00FBD20C /* Products */,
				D0ED30E529B856B300853B41 /* Frameworks */,
			);
			sourceTree = "<group>";
		};
		D0DD7C1A28179A1B00FBD20C /* Products */ = {
			isa = PBXGroup;
			children = (
				D0DD7C1928179A1B00FBD20C /* Interpreter */,
			);
			name = Products;
			sourceTree = "<group>";
		};
		D0DD7C1B28179A1B00FBD20C /* Interpreter */ = {
			isa = PBXGroup;
			children = (
				D0DD7C1C28179A1B00FBD20C /* main.swift */,
				D03777BE29B7794400516B39 /* Compiler */,
				D03777C329B7794400516B39 /* VM */,
			);
			path = Interpreter;
			sourceTree = "<group>";
		};
		D0ED30E529B856B300853B41 /* Frameworks */ = {
			isa = PBXGroup;
			children = (
			);
			name = Frameworks;
			sourceTree = "<group>";
		};
/* End PBXGroup section */

/* Begin PBXNativeTarget section */
		D0DD7C1828179A1B00FBD20C /* Interpreter */ = {
			isa = PBXNativeTarget;
			buildConfigurationList = D0DD7C2028179A1B00FBD20C /* Build configuration list for PBXNativeTarget "Interpreter" */;
			buildPhases = (
				D0DD7C1528179A1B00FBD20C /* Sources */,
				D0DD7C1628179A1B00FBD20C /* Frameworks */,
				D0DD7C1728179A1B00FBD20C /* CopyFiles */,
				D06507A9299BDA3F00D9B3EB /* Run Script */,
			);
			buildRules = (
			);
			dependencies = (
				D092DDFF29B8566A006535AF /* PBXTargetDependency */,
			);
			name = Interpreter;
			packageProductDependencies = (
				D014072029D411DD00379905 /* QuasicodeInterpreter */,
			);
			productName = Interpreter;
			productReference = D0DD7C1928179A1B00FBD20C /* Interpreter */;
			productType = "com.apple.product-type.tool";
		};
/* End PBXNativeTarget section */

/* Begin PBXProject section */
		D0DD7C1128179A1B00FBD20C /* Project object */ = {
			isa = PBXProject;
			attributes = {
				BuildIndependentTargetsInParallel = 1;
				LastSwiftUpdateCheck = 1330;
				LastUpgradeCheck = 1330;
				TargetAttributes = {
					D0DD7C1828179A1B00FBD20C = {
						CreatedOnToolsVersion = 13.3.1;
						LastSwiftMigration = 1340;
					};
				};
			};
			buildConfigurationList = D0DD7C1428179A1B00FBD20C /* Build configuration list for PBXProject "Interpreter" */;
			compatibilityVersion = "Xcode 13.0";
			developmentRegion = en;
			hasScannedForEncodings = 0;
			knownRegions = (
				en,
				Base,
			);
			mainGroup = D0DD7C1028179A1B00FBD20C;
			productRefGroup = D0DD7C1A28179A1B00FBD20C /* Products */;
			projectDirPath = "";
			projectRoot = "";
			targets = (
				D0DD7C1828179A1B00FBD20C /* Interpreter */,
			);
		};
/* End PBXProject section */

/* Begin PBXShellScriptBuildPhase section */
		D06507A9299BDA3F00D9B3EB /* Run Script */ = {
			isa = PBXShellScriptBuildPhase;
			alwaysOutOfDate = 1;
			buildActionMask = 2147483647;
			files = (
			);
			inputFileListPaths = (
			);
			inputPaths = (
			);
			name = "Run Script";
			outputFileListPaths = (
			);
			outputPaths = (
			);
			runOnlyForDeploymentPostprocessing = 0;
			shellPath = /bin/sh;
			shellScript = "# Type a script or drag a script file from your workspace to insert its path.\nswiftlint\n";
		};
/* End PBXShellScriptBuildPhase section */

/* Begin PBXSourcesBuildPhase section */
		D0DD7C1528179A1B00FBD20C /* Sources */ = {
			isa = PBXSourcesBuildPhase;
			buildActionMask = 2147483647;
			files = (
				D0DD7C1D28179A1B00FBD20C /* main.swift in Sources */,
			);
			runOnlyForDeploymentPostprocessing = 0;
		};
/* End PBXSourcesBuildPhase section */

/* Begin PBXTargetDependency section */
		D092DDFF29B8566A006535AF /* PBXTargetDependency */ = {
			isa = PBXTargetDependency;
			productRef = D092DDFE29B8566A006535AF /* QuasicodeInterpreter */;
		};
/* End PBXTargetDependency section */

/* Begin XCBuildConfiguration section */
		D0DD7C1E28179A1B00FBD20C /* Debug */ = {
			isa = XCBuildConfiguration;
			buildSettings = {
				ALWAYS_SEARCH_USER_PATHS = NO;
				CLANG_ANALYZER_NONNULL = YES;
				CLANG_ANALYZER_NUMBER_OBJECT_CONVERSION = YES_AGGRESSIVE;
				CLANG_CXX_LANGUAGE_STANDARD = "gnu++17";
				CLANG_ENABLE_MODULES = YES;
				CLANG_ENABLE_OBJC_ARC = YES;
				CLANG_ENABLE_OBJC_WEAK = YES;
				CLANG_WARN_BLOCK_CAPTURE_AUTORELEASING = YES;
				CLANG_WARN_BOOL_CONVERSION = YES;
				CLANG_WARN_COMMA = YES;
				CLANG_WARN_CONSTANT_CONVERSION = YES;
				CLANG_WARN_DEPRECATED_OBJC_IMPLEMENTATIONS = YES;
				CLANG_WARN_DIRECT_OBJC_ISA_USAGE = YES_ERROR;
				CLANG_WARN_DOCUMENTATION_COMMENTS = YES;
				CLANG_WARN_EMPTY_BODY = YES;
				CLANG_WARN_ENUM_CONVERSION = YES;
				CLANG_WARN_INFINITE_RECURSION = YES;
				CLANG_WARN_INT_CONVERSION = YES;
				CLANG_WARN_NON_LITERAL_NULL_CONVERSION = YES;
				CLANG_WARN_OBJC_IMPLICIT_RETAIN_SELF = YES;
				CLANG_WARN_OBJC_LITERAL_CONVERSION = YES;
				CLANG_WARN_OBJC_ROOT_CLASS = YES_ERROR;
				CLANG_WARN_QUOTED_INCLUDE_IN_FRAMEWORK_HEADER = YES;
				CLANG_WARN_RANGE_LOOP_ANALYSIS = YES;
				CLANG_WARN_STRICT_PROTOTYPES = YES;
				CLANG_WARN_SUSPICIOUS_MOVE = YES;
				CLANG_WARN_UNGUARDED_AVAILABILITY = YES_AGGRESSIVE;
				CLANG_WARN_UNREACHABLE_CODE = YES;
				CLANG_WARN__DUPLICATE_METHOD_MATCH = YES;
				COPY_PHASE_STRIP = NO;
				DEBUG_INFORMATION_FORMAT = dwarf;
				ENABLE_STRICT_OBJC_MSGSEND = YES;
				ENABLE_TESTABILITY = YES;
				GCC_C_LANGUAGE_STANDARD = gnu11;
				GCC_DYNAMIC_NO_PIC = NO;
				GCC_NO_COMMON_BLOCKS = YES;
				GCC_OPTIMIZATION_LEVEL = 0;
				GCC_PREPROCESSOR_DEFINITIONS = (
					"DEBUG=1",
					"$(inherited)",
				);
				GCC_WARN_64_TO_32_BIT_CONVERSION = YES;
				GCC_WARN_ABOUT_RETURN_TYPE = YES_ERROR;
				GCC_WARN_UNDECLARED_SELECTOR = YES;
				GCC_WARN_UNINITIALIZED_AUTOS = YES_AGGRESSIVE;
				GCC_WARN_UNUSED_FUNCTION = YES;
				GCC_WARN_UNUSED_VARIABLE = YES;
				MACOSX_DEPLOYMENT_TARGET = 12.3;
				MTL_ENABLE_DEBUG_INFO = INCLUDE_SOURCE;
				MTL_FAST_MATH = YES;
				ONLY_ACTIVE_ARCH = YES;
				SDKROOT = macosx;
				SWIFT_ACTIVE_COMPILATION_CONDITIONS = DEBUG;
				SWIFT_OPTIMIZATION_LEVEL = "-Onone";
			};
			name = Debug;
		};
		D0DD7C1F28179A1B00FBD20C /* Release */ = {
			isa = XCBuildConfiguration;
			buildSettings = {
				ALWAYS_SEARCH_USER_PATHS = NO;
				CLANG_ANALYZER_NONNULL = YES;
				CLANG_ANALYZER_NUMBER_OBJECT_CONVERSION = YES_AGGRESSIVE;
				CLANG_CXX_LANGUAGE_STANDARD = "gnu++17";
				CLANG_ENABLE_MODULES = YES;
				CLANG_ENABLE_OBJC_ARC = YES;
				CLANG_ENABLE_OBJC_WEAK = YES;
				CLANG_WARN_BLOCK_CAPTURE_AUTORELEASING = YES;
				CLANG_WARN_BOOL_CONVERSION = YES;
				CLANG_WARN_COMMA = YES;
				CLANG_WARN_CONSTANT_CONVERSION = YES;
				CLANG_WARN_DEPRECATED_OBJC_IMPLEMENTATIONS = YES;
				CLANG_WARN_DIRECT_OBJC_ISA_USAGE = YES_ERROR;
				CLANG_WARN_DOCUMENTATION_COMMENTS = YES;
				CLANG_WARN_EMPTY_BODY = YES;
				CLANG_WARN_ENUM_CONVERSION = YES;
				CLANG_WARN_INFINITE_RECURSION = YES;
				CLANG_WARN_INT_CONVERSION = YES;
				CLANG_WARN_NON_LITERAL_NULL_CONVERSION = YES;
				CLANG_WARN_OBJC_IMPLICIT_RETAIN_SELF = YES;
				CLANG_WARN_OBJC_LITERAL_CONVERSION = YES;
				CLANG_WARN_OBJC_ROOT_CLASS = YES_ERROR;
				CLANG_WARN_QUOTED_INCLUDE_IN_FRAMEWORK_HEADER = YES;
				CLANG_WARN_RANGE_LOOP_ANALYSIS = YES;
				CLANG_WARN_STRICT_PROTOTYPES = YES;
				CLANG_WARN_SUSPICIOUS_MOVE = YES;
				CLANG_WARN_UNGUARDED_AVAILABILITY = YES_AGGRESSIVE;
				CLANG_WARN_UNREACHABLE_CODE = YES;
				CLANG_WARN__DUPLICATE_METHOD_MATCH = YES;
				COPY_PHASE_STRIP = NO;
				DEBUG_INFORMATION_FORMAT = "dwarf-with-dsym";
				ENABLE_NS_ASSERTIONS = NO;
				ENABLE_STRICT_OBJC_MSGSEND = YES;
				GCC_C_LANGUAGE_STANDARD = gnu11;
				GCC_NO_COMMON_BLOCKS = YES;
				GCC_WARN_64_TO_32_BIT_CONVERSION = YES;
				GCC_WARN_ABOUT_RETURN_TYPE = YES_ERROR;
				GCC_WARN_UNDECLARED_SELECTOR = YES;
				GCC_WARN_UNINITIALIZED_AUTOS = YES_AGGRESSIVE;
				GCC_WARN_UNUSED_FUNCTION = YES;
				GCC_WARN_UNUSED_VARIABLE = YES;
				MACOSX_DEPLOYMENT_TARGET = 12.3;
				MTL_ENABLE_DEBUG_INFO = NO;
				MTL_FAST_MATH = YES;
				SDKROOT = macosx;
				SWIFT_COMPILATION_MODE = wholemodule;
				SWIFT_OPTIMIZATION_LEVEL = "-O";
			};
			name = Release;
		};
		D0DD7C2128179A1B00FBD20C /* Debug */ = {
			isa = XCBuildConfiguration;
			buildSettings = {
				CLANG_ENABLE_MODULES = YES;
				CODE_SIGN_STYLE = Automatic;
				DEVELOPMENT_TEAM = 9K2XM38XLK;
				ENABLE_HARDENED_RUNTIME = YES;
				GCC_OPTIMIZATION_LEVEL = 0;
				LD_RUNPATH_SEARCH_PATHS = (
					"$(inherited)",
					"@executable_path/../Frameworks",
					"@loader_path/../Frameworks",
				);
				MACOSX_DEPLOYMENT_TARGET = 10.15;
				PRODUCT_NAME = "$(TARGET_NAME)";
				SWIFT_OBJC_BRIDGING_HEADER = "Interpreter/VM/Interpreter-Bridging-Header.h";
				SWIFT_OPTIMIZATION_LEVEL = "-Onone";
				SWIFT_VERSION = 5.0;
			};
			name = Debug;
		};
		D0DD7C2228179A1B00FBD20C /* Release */ = {
			isa = XCBuildConfiguration;
			buildSettings = {
				CLANG_ENABLE_MODULES = YES;
				CODE_SIGN_STYLE = Automatic;
				DEVELOPMENT_TEAM = 9K2XM38XLK;
				ENABLE_HARDENED_RUNTIME = YES;
				LD_RUNPATH_SEARCH_PATHS = (
					"$(inherited)",
					"@executable_path/../Frameworks",
					"@loader_path/../Frameworks",
				);
				MACOSX_DEPLOYMENT_TARGET = 10.15;
				PRODUCT_NAME = "$(TARGET_NAME)";
				SWIFT_OBJC_BRIDGING_HEADER = "Interpreter/VM/Interpreter-Bridging-Header.h";
				SWIFT_VERSION = 5.0;
			};
			name = Release;
		};
/* End XCBuildConfiguration section */

/* Begin XCConfigurationList section */
		D0DD7C1428179A1B00FBD20C /* Build configuration list for PBXProject "Interpreter" */ = {
			isa = XCConfigurationList;
			buildConfigurations = (
				D0DD7C1E28179A1B00FBD20C /* Debug */,
				D0DD7C1F28179A1B00FBD20C /* Release */,
			);
			defaultConfigurationIsVisible = 0;
			defaultConfigurationName = Release;
		};
		D0DD7C2028179A1B00FBD20C /* Build configuration list for PBXNativeTarget "Interpreter" */ = {
			isa = XCConfigurationList;
			buildConfigurations = (
				D0DD7C2128179A1B00FBD20C /* Debug */,
				D0DD7C2228179A1B00FBD20C /* Release */,
			);
			defaultConfigurationIsVisible = 0;
			defaultConfigurationName = Release;
		};
/* End XCConfigurationList section */

/* Begin XCSwiftPackageProductDependency section */
		D014072029D411DD00379905 /* QuasicodeInterpreter */ = {
			isa = XCSwiftPackageProductDependency;
			productName = QuasicodeInterpreter;
		};
		D092DDFE29B8566A006535AF /* QuasicodeInterpreter */ = {
			isa = XCSwiftPackageProductDependency;
			productName = QuasicodeInterpreter;
		};
/* End XCSwiftPackageProductDependency section */
	};
	rootObject = D0DD7C1128179A1B00FBD20C /* Project object */;
}
